
Microsoft Visual Studio Solution File, Format Version 12.00
# Visual Studio Version 17
VisualStudioVersion = 17.5.002.0
MinimumVisualStudioVersion = 10.0.40219.1
Project("{9A19103F-16F7-4668-BE54-9A1E7A4F7556}") = "prova_individual", "prova_individual\prova_individual.csproj", "{3521E1AB-6549-491C-B98A-01300BE8EC7C}"
EndProject
Global
	GlobalSection(SolutionConfigurationPlatforms) = preSolution
		Debug|Any CPU = Debug|Any CPU
		Release|Any CPU = Release|Any CPU
	EndGlobalSection
	GlobalSection(ProjectConfigurationPlatforms) = postSolution
		{3521E1AB-6549-491C-B98A-01300BE8EC7C}.Debug|Any CPU.ActiveCfg = Debug|Any CPU
		{3521E1AB-6549-491C-B98A-01300BE8EC7C}.Debug|Any CPU.Build.0 = Debug|Any CPU
		{3521E1AB-6549-491C-B98A-01300BE8EC7C}.Release|Any CPU.ActiveCfg = Release|Any CPU
		{3521E1AB-6549-491C-B98A-01300BE8EC7C}.Release|Any CPU.Build.0 = Release|Any CPU
	EndGlobalSection
	GlobalSection(SolutionProperties) = preSolution
		HideSolutionNode = FALSE
	EndGlobalSection
	GlobalSection(ExtensibilityGlobals) = postSolution
		SolutionGuid = {597E00CE-53C3-45C2-80D9-DAB71E57D5C0}
	EndGlobalSection
EndGlobal
