
Microsoft Visual Studio Solution File, Format Version 12.00
# Visual Studio Version 17
VisualStudioVersion = 17.5.002.0
MinimumVisualStudioVersion = 10.0.40219.1
Project("{2150E333-8FDC-42A3-9474-1A3956D46DE8}") = "Semana1", "Semana1", "{09F2B084-B2E8-41A9-B448-62D27284CED6}"
EndProject
Project("{9A19103F-16F7-4668-BE54-9A1E7A4F7556}") = "dotnet_p001", "Semana1\dotnet_p001\dotnet_p001.csproj", "{EE4D037D-B82D-4BF1-87F6-389CA5CC34A6}"
EndProject
Global
	GlobalSection(SolutionConfigurationPlatforms) = preSolution
		Debug|Any CPU = Debug|Any CPU
		Release|Any CPU = Release|Any CPU
	EndGlobalSection
	GlobalSection(ProjectConfigurationPlatforms) = postSolution
		{EE4D037D-B82D-4BF1-87F6-389CA5CC34A6}.Debug|Any CPU.ActiveCfg = Debug|Any CPU
		{EE4D037D-B82D-4BF1-87F6-389CA5CC34A6}.Debug|Any CPU.Build.0 = Debug|Any CPU
		{EE4D037D-B82D-4BF1-87F6-389CA5CC34A6}.Release|Any CPU.ActiveCfg = Release|Any CPU
		{EE4D037D-B82D-4BF1-87F6-389CA5CC34A6}.Release|Any CPU.Build.0 = Release|Any CPU
	EndGlobalSection
	GlobalSection(SolutionProperties) = preSolution
		HideSolutionNode = FALSE
	EndGlobalSection
	GlobalSection(NestedProjects) = preSolution
		{EE4D037D-B82D-4BF1-87F6-389CA5CC34A6} = {09F2B084-B2E8-41A9-B448-62D27284CED6}
	EndGlobalSection
	GlobalSection(ExtensibilityGlobals) = postSolution
		SolutionGuid = {F302EA7E-BF63-420D-B60D-1DD81AB66E8E}
	EndGlobalSection
EndGlobal
